
Microsoft Visual Studio Solution File, Format Version 12.00
# Visual Studio Version 17
VisualStudioVersion = 17.1.32421.90
MinimumVisualStudioVersion = 10.0.40219.1
Project("{FAE04EC0-301F-11D3-BF4B-00C04F79EFBC}") = "Pagamento", "Pagamento.csproj", "{A268CDAC-5B8B-47B1-B37C-B5B5CF1FF67B}"
EndProject
Global
	GlobalSection(SolutionConfigurationPlatforms) = preSolution
		Debug|Any CPU = Debug|Any CPU
		Release|Any CPU = Release|Any CPU
	EndGlobalSection
	GlobalSection(ProjectConfigurationPlatforms) = postSolution
		{A268CDAC-5B8B-47B1-B37C-B5B5CF1FF67B}.Debug|Any CPU.ActiveCfg = Debug|Any CPU
		{A268CDAC-5B8B-47B1-B37C-B5B5CF1FF67B}.Debug|Any CPU.Build.0 = Debug|Any CPU
		{A268CDAC-5B8B-47B1-B37C-B5B5CF1FF67B}.Release|Any CPU.ActiveCfg = Release|Any CPU
		{A268CDAC-5B8B-47B1-B37C-B5B5CF1FF67B}.Release|Any CPU.Build.0 = Release|Any CPU
	EndGlobalSection
	GlobalSection(SolutionProperties) = preSolution
		HideSolutionNode = FALSE
	EndGlobalSection
	GlobalSection(ExtensibilityGlobals) = postSolution
		SolutionGuid = {4063D683-63F2-4B81-A7E8-ADAC5AC8B987}
	EndGlobalSection
EndGlobal
